// !$*UTF8*$!
{
	archiveVersion = 1;
	classes = {
	};
	objectVersion = 55;
	objects = {

/* Begin PBXBuildFile section */
		E4469B562815506E00C935D2 /* managementApp.swift in Sources */ = {isa = PBXBuildFile; fileRef = E4469B552815506E00C935D2 /* managementApp.swift */; };
		E4469B582815506E00C935D2 /* ContentView.swift in Sources */ = {isa = PBXBuildFile; fileRef = E4469B572815506E00C935D2 /* ContentView.swift */; };
		E4469B5A2815506F00C935D2 /* Assets.xcassets in Resources */ = {isa = PBXBuildFile; fileRef = E4469B592815506F00C935D2 /* Assets.xcassets */; };
		E4469B5D2815506F00C935D2 /* Preview Assets.xcassets in Resources */ = {isa = PBXBuildFile; fileRef = E4469B5C2815506F00C935D2 /* Preview Assets.xcassets */; };
		E4469B672815506F00C935D2 /* managementTests.swift in Sources */ = {isa = PBXBuildFile; fileRef = E4469B662815506F00C935D2 /* managementTests.swift */; };
		E4469B712815506F00C935D2 /* managementUITests.swift in Sources */ = {isa = PBXBuildFile; fileRef = E4469B702815506F00C935D2 /* managementUITests.swift */; };
		E4469B732815506F00C935D2 /* managementUITestsLaunchTests.swift in Sources */ = {isa = PBXBuildFile; fileRef = E4469B722815506F00C935D2 /* managementUITestsLaunchTests.swift */; };
/* End PBXBuildFile section */

/* Begin PBXContainerItemProxy section */
		E4469B632815506F00C935D2 /* PBXContainerItemProxy */ = {
			isa = PBXContainerItemProxy;
			containerPortal = E4469B4A2815506E00C935D2 /* Project object */;
			proxyType = 1;
			remoteGlobalIDString = E4469B512815506E00C935D2;
			remoteInfo = management;
		};
		E4469B6D2815506F00C935D2 /* PBXContainerItemProxy */ = {
			isa = PBXContainerItemProxy;
			containerPortal = E4469B4A2815506E00C935D2 /* Project object */;
			proxyType = 1;
			remoteGlobalIDString = E4469B512815506E00C935D2;
			remoteInfo = management;
		};
/* End PBXContainerItemProxy section */

/* Begin PBXFileReference section */
		E4469B522815506E00C935D2 /* management.app */ = {isa = PBXFileReference; explicitFileType = wrapper.application; includeInIndex = 0; path = management.app; sourceTree = BUILT_PRODUCTS_DIR; };
		E4469B552815506E00C935D2 /* managementApp.swift */ = {isa = PBXFileReference; lastKnownFileType = sourcecode.swift; path = managementApp.swift; sourceTree = "<group>"; };
		E4469B572815506E00C935D2 /* ContentView.swift */ = {isa = PBXFileReference; lastKnownFileType = sourcecode.swift; path = ContentView.swift; sourceTree = "<group>"; };
		E4469B592815506F00C935D2 /* Assets.xcassets */ = {isa = PBXFileReference; lastKnownFileType = folder.assetcatalog; path = Assets.xcassets; sourceTree = "<group>"; };
		E4469B5C2815506F00C935D2 /* Preview Assets.xcassets */ = {isa = PBXFileReference; lastKnownFileType = folder.assetcatalog; path = "Preview Assets.xcassets"; sourceTree = "<group>"; };
		E4469B622815506F00C935D2 /* managementTests.xctest */ = {isa = PBXFileReference; explicitFileType = wrapper.cfbundle; includeInIndex = 0; path = managementTests.xctest; sourceTree = BUILT_PRODUCTS_DIR; };
		E4469B662815506F00C935D2 /* managementTests.swift */ = {isa = PBXFileReference; lastKnownFileType = sourcecode.swift; path = managementTests.swift; sourceTree = "<group>"; };
		E4469B6C2815506F00C935D2 /* managementUITests.xctest */ = {isa = PBXFileReference; explicitFileType = wrapper.cfbundle; includeInIndex = 0; path = managementUITests.xctest; sourceTree = BUILT_PRODUCTS_DIR; };
		E4469B702815506F00C935D2 /* managementUITests.swift */ = {isa = PBXFileReference; lastKnownFileType = sourcecode.swift; path = managementUITests.swift; sourceTree = "<group>"; };
		E4469B722815506F00C935D2 /* managementUITestsLaunchTests.swift */ = {isa = PBXFileReference; lastKnownFileType = sourcecode.swift; path = managementUITestsLaunchTests.swift; sourceTree = "<group>"; };
/* End PBXFileReference section */

/* Begin PBXFrameworksBuildPhase section */
		E4469B4F2815506E00C935D2 /* Frameworks */ = {
			isa = PBXFrameworksBuildPhase;
			buildActionMask = 2147483647;
			files = (
			);
			runOnlyForDeploymentPostprocessing = 0;
		};
		E4469B5F2815506F00C935D2 /* Frameworks */ = {
			isa = PBXFrameworksBuildPhase;
			buildActionMask = 2147483647;
			files = (
			);
			runOnlyForDeploymentPostprocessing = 0;
		};
		E4469B692815506F00C935D2 /* Frameworks */ = {
			isa = PBXFrameworksBuildPhase;
			buildActionMask = 2147483647;
			files = (
			);
			runOnlyForDeploymentPostprocessing = 0;
		};
/* End PBXFrameworksBuildPhase section */

/* Begin PBXGroup section */
		E4469B492815506E00C935D2 = {
			isa = PBXGroup;
			children = (
				E4469B542815506E00C935D2 /* management */,
				E4469B652815506F00C935D2 /* managementTests */,
				E4469B6F2815506F00C935D2 /* managementUITests */,
				E4469B532815506E00C935D2 /* Products */,
			);
			sourceTree = "<group>";
		};
		E4469B532815506E00C935D2 /* Products */ = {
			isa = PBXGroup;
			children = (
				E4469B522815506E00C935D2 /* management.app */,
				E4469B622815506F00C935D2 /* managementTests.xctest */,
				E4469B6C2815506F00C935D2 /* managementUITests.xctest */,
			);
			name = Products;
			sourceTree = "<group>";
		};
		E4469B542815506E00C935D2 /* management */ = {
			isa = PBXGroup;
			children = (
				E4469B552815506E00C935D2 /* managementApp.swift */,
				E4469B572815506E00C935D2 /* ContentView.swift */,
				E4469B592815506F00C935D2 /* Assets.xcassets */,
				E4469B5B2815506F00C935D2 /* Preview Content */,
			);
			path = management;
			sourceTree = "<group>";
		};
		E4469B5B2815506F00C935D2 /* Preview Content */ = {
			isa = PBXGroup;
			children = (
				E4469B5C2815506F00C935D2 /* Preview Assets.xcassets */,
			);
			path = "Preview Content";
			sourceTree = "<group>";
		};
		E4469B652815506F00C935D2 /* managementTests */ = {
			isa = PBXGroup;
			children = (
				E4469B662815506F00C935D2 /* managementTests.swift */,
			);
			path = managementTests;
			sourceTree = "<group>";
		};
		E4469B6F2815506F00C935D2 /* managementUITests */ = {
			isa = PBXGroup;
			children = (
				E4469B702815506F00C935D2 /* managementUITests.swift */,
				E4469B722815506F00C935D2 /* managementUITestsLaunchTests.swift */,
			);
			path = managementUITests;
			sourceTree = "<group>";
		};
/* End PBXGroup section */

/* Begin PBXNativeTarget section */
		E4469B512815506E00C935D2 /* management */ = {
			isa = PBXNativeTarget;
			buildConfigurationList = E4469B762815506F00C935D2 /* Build configuration list for PBXNativeTarget "management" */;
			buildPhases = (
				E4469B4E2815506E00C935D2 /* Sources */,
				E4469B4F2815506E00C935D2 /* Frameworks */,
				E4469B502815506E00C935D2 /* Resources */,
			);
			buildRules = (
			);
			dependencies = (
			);
			name = management;
			productName = management;
			productReference = E4469B522815506E00C935D2 /* management.app */;
			productType = "com.apple.product-type.application";
		};
		E4469B612815506F00C935D2 /* managementTests */ = {
			isa = PBXNativeTarget;
			buildConfigurationList = E4469B792815506F00C935D2 /* Build configuration list for PBXNativeTarget "managementTests" */;
			buildPhases = (
				E4469B5E2815506F00C935D2 /* Sources */,
				E4469B5F2815506F00C935D2 /* Frameworks */,
				E4469B602815506F00C935D2 /* Resources */,
			);
			buildRules = (
			);
			dependencies = (
				E4469B642815506F00C935D2 /* PBXTargetDependency */,
			);
			name = managementTests;
			productName = managementTests;
			productReference = E4469B622815506F00C935D2 /* managementTests.xctest */;
			productType = "com.apple.product-type.bundle.unit-test";
		};
		E4469B6B2815506F00C935D2 /* managementUITests */ = {
			isa = PBXNativeTarget;
			buildConfigurationList = E4469B7C2815506F00C935D2 /* Build configuration list for PBXNativeTarget "managementUITests" */;
			buildPhases = (
				E4469B682815506F00C935D2 /* Sources */,
				E4469B692815506F00C935D2 /* Frameworks */,
				E4469B6A2815506F00C935D2 /* Resources */,
			);
			buildRules = (
			);
			dependencies = (
				E4469B6E2815506F00C935D2 /* PBXTargetDependency */,
			);
			name = managementUITests;
			productName = managementUITests;
			productReference = E4469B6C2815506F00C935D2 /* managementUITests.xctest */;
			productType = "com.apple.product-type.bundle.ui-testing";
		};
/* End PBXNativeTarget section */

/* Begin PBXProject section */
		E4469B4A2815506E00C935D2 /* Project object */ = {
			isa = PBXProject;
			attributes = {
				BuildIndependentTargetsInParallel = 1;
				LastSwiftUpdateCheck = 1320;
				LastUpgradeCheck = 1320;
				TargetAttributes = {
					E4469B512815506E00C935D2 = {
						CreatedOnToolsVersion = 13.2.1;
					};
					E4469B612815506F00C935D2 = {
						CreatedOnToolsVersion = 13.2.1;
						TestTargetID = E4469B512815506E00C935D2;
					};
					E4469B6B2815506F00C935D2 = {
						CreatedOnToolsVersion = 13.2.1;
						TestTargetID = E4469B512815506E00C935D2;
					};
				};
			};
			buildConfigurationList = E4469B4D2815506E00C935D2 /* Build configuration list for PBXProject "management" */;
			compatibilityVersion = "Xcode 13.0";
			developmentRegion = en;
			hasScannedForEncodings = 0;
			knownRegions = (
				en,
				Base,
			);
			mainGroup = E4469B492815506E00C935D2;
			productRefGroup = E4469B532815506E00C935D2 /* Products */;
			projectDirPath = "";
			projectRoot = "";
			targets = (
				E4469B512815506E00C935D2 /* management */,
				E4469B612815506F00C935D2 /* managementTests */,
				E4469B6B2815506F00C935D2 /* managementUITests */,
			);
		};
/* End PBXProject section */

/* Begin PBXResourcesBuildPhase section */
		E4469B502815506E00C935D2 /* Resources */ = {
			isa = PBXResourcesBuildPhase;
			buildActionMask = 2147483647;
			files = (
				E4469B5D2815506F00C935D2 /* Preview Assets.xcassets in Resources */,
				E4469B5A2815506F00C935D2 /* Assets.xcassets in Resources */,
			);
			runOnlyForDeploymentPostprocessing = 0;
		};
		E4469B602815506F00C935D2 /* Resources */ = {
			isa = PBXResourcesBuildPhase;
			buildActionMask = 2147483647;
			files = (
			);
			runOnlyForDeploymentPostprocessing = 0;
		};
		E4469B6A2815506F00C935D2 /* Resources */ = {
			isa = PBXResourcesBuildPhase;
			buildActionMask = 2147483647;
			files = (
			);
			runOnlyForDeploymentPostprocessing = 0;
		};
/* End PBXResourcesBuildPhase section */

/* Begin PBXSourcesBuildPhase section */
		E4469B4E2815506E00C935D2 /* Sources */ = {
			isa = PBXSourcesBuildPhase;
			buildActionMask = 2147483647;
			files = (
				E4469B582815506E00C935D2 /* ContentView.swift in Sources */,
				E4469B562815506E00C935D2 /* managementApp.swift in Sources */,
			);
			runOnlyForDeploymentPostprocessing = 0;
		};
		E4469B5E2815506F00C935D2 /* Sources */ = {
			isa = PBXSourcesBuildPhase;
			buildActionMask = 2147483647;
			files = (
				E4469B672815506F00C935D2 /* managementTests.swift in Sources */,
			);
			runOnlyForDeploymentPostprocessing = 0;
		};
		E4469B682815506F00C935D2 /* Sources */ = {
			isa = PBXSourcesBuildPhase;
			buildActionMask = 2147483647;
			files = (
				E4469B712815506F00C935D2 /* managementUITests.swift in Sources */,
				E4469B732815506F00C935D2 /* managementUITestsLaunchTests.swift in Sources */,
			);
			runOnlyForDeploymentPostprocessing = 0;
		};
/* End PBXSourcesBuildPhase section */

/* Begin PBXTargetDependency section */
		E4469B642815506F00C935D2 /* PBXTargetDependency */ = {
			isa = PBXTargetDependency;
			target = E4469B512815506E00C935D2 /* management */;
			targetProxy = E4469B632815506F00C935D2 /* PBXContainerItemProxy */;
		};
		E4469B6E2815506F00C935D2 /* PBXTargetDependency */ = {
			isa = PBXTargetDependency;
			target = E4469B512815506E00C935D2 /* management */;
			targetProxy = E4469B6D2815506F00C935D2 /* PBXContainerItemProxy */;
		};
/* End PBXTargetDependency section */

/* Begin XCBuildConfiguration section */
		E4469B742815506F00C935D2 /* Debug */ = {
			isa = XCBuildConfiguration;
			buildSettings = {
				ALWAYS_SEARCH_USER_PATHS = NO;
				CLANG_ANALYZER_NONNULL = YES;
				CLANG_ANALYZER_NUMBER_OBJECT_CONVERSION = YES_AGGRESSIVE;
				CLANG_CXX_LANGUAGE_STANDARD = "gnu++17";
				CLANG_CXX_LIBRARY = "libc++";
				CLANG_ENABLE_MODULES = YES;
				CLANG_ENABLE_OBJC_ARC = YES;
				CLANG_ENABLE_OBJC_WEAK = YES;
				CLANG_WARN_BLOCK_CAPTURE_AUTORELEASING = YES;
				CLANG_WARN_BOOL_CONVERSION = YES;
				CLANG_WARN_COMMA = YES;
				CLANG_WARN_CONSTANT_CONVERSION = YES;
				CLANG_WARN_DEPRECATED_OBJC_IMPLEMENTATIONS = YES;
				CLANG_WARN_DIRECT_OBJC_ISA_USAGE = YES_ERROR;
				CLANG_WARN_DOCUMENTATION_COMMENTS = YES;
				CLANG_WARN_EMPTY_BODY = YES;
				CLANG_WARN_ENUM_CONVERSION = YES;
				CLANG_WARN_INFINITE_RECURSION = YES;
				CLANG_WARN_INT_CONVERSION = YES;
				CLANG_WARN_NON_LITERAL_NULL_CONVERSION = YES;
				CLANG_WARN_OBJC_IMPLICIT_RETAIN_SELF = YES;
				CLANG_WARN_OBJC_LITERAL_CONVERSION = YES;
				CLANG_WARN_OBJC_ROOT_CLASS = YES_ERROR;
				CLANG_WARN_QUOTED_INCLUDE_IN_FRAMEWORK_HEADER = YES;
				CLANG_WARN_RANGE_LOOP_ANALYSIS = YES;
				CLANG_WARN_STRICT_PROTOTYPES = YES;
				CLANG_WARN_SUSPICIOUS_MOVE = YES;
				CLANG_WARN_UNGUARDED_AVAILABILITY = YES_AGGRESSIVE;
				CLANG_WARN_UNREACHABLE_CODE = YES;
				CLANG_WARN__DUPLICATE_METHOD_MATCH = YES;
				COPY_PHASE_STRIP = NO;
				DEBUG_INFORMATION_FORMAT = dwarf;
				ENABLE_STRICT_OBJC_MSGSEND = YES;
				ENABLE_TESTABILITY = YES;
				GCC_C_LANGUAGE_STANDARD = gnu11;
				GCC_DYNAMIC_NO_PIC = NO;
				GCC_NO_COMMON_BLOCKS = YES;
				GCC_OPTIMIZATION_LEVEL = 0;
				GCC_PREPROCESSOR_DEFINITIONS = (
					"DEBUG=1",
					"$(inherited)",
				);
				GCC_WARN_64_TO_32_BIT_CONVERSION = YES;
				GCC_WARN_ABOUT_RETURN_TYPE = YES_ERROR;
				GCC_WARN_UNDECLARED_SELECTOR = YES;
				GCC_WARN_UNINITIALIZED_AUTOS = YES_AGGRESSIVE;
				GCC_WARN_UNUSED_FUNCTION = YES;
				GCC_WARN_UNUSED_VARIABLE = YES;
				IPHONEOS_DEPLOYMENT_TARGET = 15.2;
				MTL_ENABLE_DEBUG_INFO = INCLUDE_SOURCE;
				MTL_FAST_MATH = YES;
				ONLY_ACTIVE_ARCH = YES;
				SDKROOT = iphoneos;
				SWIFT_ACTIVE_COMPILATION_CONDITIONS = DEBUG;
				SWIFT_OPTIMIZATION_LEVEL = "-Onone";
			};
			name = Debug;
		};
		E4469B752815506F00C935D2 /* Release */ = {
			isa = XCBuildConfiguration;
			buildSettings = {
				ALWAYS_SEARCH_USER_PATHS = NO;
				CLANG_ANALYZER_NONNULL = YES;
				CLANG_ANALYZER_NUMBER_OBJECT_CONVERSION = YES_AGGRESSIVE;
				CLANG_CXX_LANGUAGE_STANDARD = "gnu++17";
				CLANG_CXX_LIBRARY = "libc++";
				CLANG_ENABLE_MODULES = YES;
				CLANG_ENABLE_OBJC_ARC = YES;
				CLANG_ENABLE_OBJC_WEAK = YES;
				CLANG_WARN_BLOCK_CAPTURE_AUTORELEASING = YES;
				CLANG_WARN_BOOL_CONVERSION = YES;
				CLANG_WARN_COMMA = YES;
				CLANG_WARN_CONSTANT_CONVERSION = YES;
				CLANG_WARN_DEPRECATED_OBJC_IMPLEMENTATIONS = YES;
				CLANG_WARN_DIRECT_OBJC_ISA_USAGE = YES_ERROR;
				CLANG_WARN_DOCUMENTATION_COMMENTS = YES;
				CLANG_WARN_EMPTY_BODY = YES;
				CLANG_WARN_ENUM_CONVERSION = YES;
				CLANG_WARN_INFINITE_RECURSION = YES;
				CLANG_WARN_INT_CONVERSION = YES;
				CLANG_WARN_NON_LITERAL_NULL_CONVERSION = YES;
				CLANG_WARN_OBJC_IMPLICIT_RETAIN_SELF = YES;
				CLANG_WARN_OBJC_LITERAL_CONVERSION = YES;
				CLANG_WARN_OBJC_ROOT_CLASS = YES_ERROR;
				CLANG_WARN_QUOTED_INCLUDE_IN_FRAMEWORK_HEADER = YES;
				CLANG_WARN_RANGE_LOOP_ANALYSIS = YES;
				CLANG_WARN_STRICT_PROTOTYPES = YES;
				CLANG_WARN_SUSPICIOUS_MOVE = YES;
				CLANG_WARN_UNGUARDED_AVAILABILITY = YES_AGGRESSIVE;
				CLANG_WARN_UNREACHABLE_CODE = YES;
				CLANG_WARN__DUPLICATE_METHOD_MATCH = YES;
				COPY_PHASE_STRIP = NO;
				DEBUG_INFORMATION_FORMAT = "dwarf-with-dsym";
				ENABLE_NS_ASSERTIONS = NO;
				ENABLE_STRICT_OBJC_MSGSEND = YES;
				GCC_C_LANGUAGE_STANDARD = gnu11;
				GCC_NO_COMMON_BLOCKS = YES;
				GCC_WARN_64_TO_32_BIT_CONVERSION = YES;
				GCC_WARN_ABOUT_RETURN_TYPE = YES_ERROR;
				GCC_WARN_UNDECLARED_SELECTOR = YES;
				GCC_WARN_UNINITIALIZED_AUTOS = YES_AGGRESSIVE;
				GCC_WARN_UNUSED_FUNCTION = YES;
				GCC_WARN_UNUSED_VARIABLE = YES;
				IPHONEOS_DEPLOYMENT_TARGET = 15.2;
				MTL_ENABLE_DEBUG_INFO = NO;
				MTL_FAST_MATH = YES;
				SDKROOT = iphoneos;
				SWIFT_COMPILATION_MODE = wholemodule;
				SWIFT_OPTIMIZATION_LEVEL = "-O";
				VALIDATE_PRODUCT = YES;
			};
			name = Release;
		};
		E4469B772815506F00C935D2 /* Debug */ = {
			isa = XCBuildConfiguration;
			buildSettings = {
				ASSETCATALOG_COMPILER_APPICON_NAME = AppIcon;
				ASSETCATALOG_COMPILER_GLOBAL_ACCENT_COLOR_NAME = AccentColor;
				CODE_SIGN_STYLE = Automatic;
				CURRENT_PROJECT_VERSION = 1;
				DEVELOPMENT_ASSET_PATHS = "\"management/Preview Content\"";
				DEVELOPMENT_TEAM = J3L38PYNZQ;
				ENABLE_PREVIEWS = YES;
				GENERATE_INFOPLIST_FILE = YES;
				INFOPLIST_KEY_UIApplicationSceneManifest_Generation = YES;
				INFOPLIST_KEY_UIApplicationSupportsIndirectInputEvents = YES;
				INFOPLIST_KEY_UILaunchScreen_Generation = YES;
				INFOPLIST_KEY_UISupportedInterfaceOrientations_iPad = "UIInterfaceOrientationPortrait UIInterfaceOrientationPortraitUpsideDown UIInterfaceOrientationLandscapeLeft UIInterfaceOrientationLandscapeRight";
				INFOPLIST_KEY_UISupportedInterfaceOrientations_iPhone = "UIInterfaceOrientationPortrait UIInterfaceOrientationLandscapeLeft UIInterfaceOrientationLandscapeRight";
				LD_RUNPATH_SEARCH_PATHS = (
					"$(inherited)",
					"@executable_path/Frameworks",
				);
				MARKETING_VERSION = 1.0;
				PRODUCT_BUNDLE_IDENTIFIER = "kwanghochoi2-com.naver.blog.management";
				PRODUCT_NAME = "$(TARGET_NAME)";
				SWIFT_EMIT_LOC_STRINGS = YES;
				SWIFT_VERSION = 5.0;
				TARGETED_DEVICE_FAMILY = "1,2";
			};
			name = Debug;
		};
		E4469B782815506F00C935D2 /* Release */ = {
			isa = XCBuildConfiguration;
			buildSettings = {
				ASSETCATALOG_COMPILER_APPICON_NAME = AppIcon;
				ASSETCATALOG_COMPILER_GLOBAL_ACCENT_COLOR_NAME = AccentColor;
				CODE_SIGN_STYLE = Automatic;
				CURRENT_PROJECT_VERSION = 1;
				DEVELOPMENT_ASSET_PATHS = "\"management/Preview Content\"";
				DEVELOPMENT_TEAM = J3L38PYNZQ;
				ENABLE_PREVIEWS = YES;
				GENERATE_INFOPLIST_FILE = YES;
				INFOPLIST_KEY_UIApplicationSceneManifest_Generation = YES;
				INFOPLIST_KEY_UIApplicationSupportsIndirectInputEvents = YES;
				INFOPLIST_KEY_UILaunchScreen_Generation = YES;
				INFOPLIST_KEY_UISupportedInterfaceOrientations_iPad = "UIInterfaceOrientationPortrait UIInterfaceOrientationPortraitUpsideDown UIInterfaceOrientationLandscapeLeft UIInterfaceOrientationLandscapeRight";
				INFOPLIST_KEY_UISupportedInterfaceOrientations_iPhone = "UIInterfaceOrientationPortrait UIInterfaceOrientationLandscapeLeft UIInterfaceOrientationLandscapeRight";
				LD_RUNPATH_SEARCH_PATHS = (
					"$(inherited)",
					"@executable_path/Frameworks",
				);
				MARKETING_VERSION = 1.0;
				PRODUCT_BUNDLE_IDENTIFIER = "kwanghochoi2-com.naver.blog.management";
				PRODUCT_NAME = "$(TARGET_NAME)";
				SWIFT_EMIT_LOC_STRINGS = YES;
				SWIFT_VERSION = 5.0;
				TARGETED_DEVICE_FAMILY = "1,2";
			};
			name = Release;
		};
		E4469B7A2815506F00C935D2 /* Debug */ = {
			isa = XCBuildConfiguration;
			buildSettings = {
				ALWAYS_EMBED_SWIFT_STANDARD_LIBRARIES = YES;
				BUNDLE_LOADER = "$(TEST_HOST)";
				CODE_SIGN_STYLE = Automatic;
				CURRENT_PROJECT_VERSION = 1;
				DEVELOPMENT_TEAM = J3L38PYNZQ;
				GENERATE_INFOPLIST_FILE = YES;
				IPHONEOS_DEPLOYMENT_TARGET = 15.2;
				MARKETING_VERSION = 1.0;
				PRODUCT_BUNDLE_IDENTIFIER = "kwanghochoi2-com.naver.blog.managementTests";
				PRODUCT_NAME = "$(TARGET_NAME)";
				SWIFT_EMIT_LOC_STRINGS = NO;
				SWIFT_VERSION = 5.0;
				TARGETED_DEVICE_FAMILY = "1,2";
				TEST_HOST = "$(BUILT_PRODUCTS_DIR)/management.app/management";
			};
			name = Debug;
		};
		E4469B7B2815506F00C935D2 /* Release */ = {
			isa = XCBuildConfiguration;
			buildSettings = {
				ALWAYS_EMBED_SWIFT_STANDARD_LIBRARIES = YES;
				BUNDLE_LOADER = "$(TEST_HOST)";
				CODE_SIGN_STYLE = Automatic;
				CURRENT_PROJECT_VERSION = 1;
				DEVELOPMENT_TEAM = J3L38PYNZQ;
				GENERATE_INFOPLIST_FILE = YES;
				IPHONEOS_DEPLOYMENT_TARGET = 15.2;
				MARKETING_VERSION = 1.0;
				PRODUCT_BUNDLE_IDENTIFIER = "kwanghochoi2-com.naver.blog.managementTests";
				PRODUCT_NAME = "$(TARGET_NAME)";
				SWIFT_EMIT_LOC_STRINGS = NO;
				SWIFT_VERSION = 5.0;
				TARGETED_DEVICE_FAMILY = "1,2";
				TEST_HOST = "$(BUILT_PRODUCTS_DIR)/management.app/management";
			};
			name = Release;
		};
		E4469B7D2815506F00C935D2 /* Debug */ = {
			isa = XCBuildConfiguration;
			buildSettings = {
				ALWAYS_EMBED_SWIFT_STANDARD_LIBRARIES = YES;
				CODE_SIGN_STYLE = Automatic;
				CURRENT_PROJECT_VERSION = 1;
				DEVELOPMENT_TEAM = J3L38PYNZQ;
				GENERATE_INFOPLIST_FILE = YES;
				MARKETING_VERSION = 1.0;
				PRODUCT_BUNDLE_IDENTIFIER = "kwanghochoi2-com.naver.blog.managementUITests";
				PRODUCT_NAME = "$(TARGET_NAME)";
				SWIFT_EMIT_LOC_STRINGS = NO;
				SWIFT_VERSION = 5.0;
				TARGETED_DEVICE_FAMILY = "1,2";
				TEST_TARGET_NAME = management;
			};
			name = Debug;
		};
		E4469B7E2815506F00C935D2 /* Release */ = {
			isa = XCBuildConfiguration;
			buildSettings = {
				ALWAYS_EMBED_SWIFT_STANDARD_LIBRARIES = YES;
				CODE_SIGN_STYLE = Automatic;
				CURRENT_PROJECT_VERSION = 1;
				DEVELOPMENT_TEAM = J3L38PYNZQ;
				GENERATE_INFOPLIST_FILE = YES;
				MARKETING_VERSION = 1.0;
				PRODUCT_BUNDLE_IDENTIFIER = "kwanghochoi2-com.naver.blog.managementUITests";
				PRODUCT_NAME = "$(TARGET_NAME)";
				SWIFT_EMIT_LOC_STRINGS = NO;
				SWIFT_VERSION = 5.0;
				TARGETED_DEVICE_FAMILY = "1,2";
				TEST_TARGET_NAME = management;
			};
			name = Release;
		};
/* End XCBuildConfiguration section */

/* Begin XCConfigurationList section */
		E4469B4D2815506E00C935D2 /* Build configuration list for PBXProject "management" */ = {
			isa = XCConfigurationList;
			buildConfigurations = (
				E4469B742815506F00C935D2 /* Debug */,
				E4469B752815506F00C935D2 /* Release */,
			);
			defaultConfigurationIsVisible = 0;
			defaultConfigurationName = Release;
		};
		E4469B762815506F00C935D2 /* Build configuration list for PBXNativeTarget "management" */ = {
			isa = XCConfigurationList;
			buildConfigurations = (
				E4469B772815506F00C935D2 /* Debug */,
				E4469B782815506F00C935D2 /* Release */,
			);
			defaultConfigurationIsVisible = 0;
			defaultConfigurationName = Release;
		};
		E4469B792815506F00C935D2 /* Build configuration list for PBXNativeTarget "managementTests" */ = {
			isa = XCConfigurationList;
			buildConfigurations = (
				E4469B7A2815506F00C935D2 /* Debug */,
				E4469B7B2815506F00C935D2 /* Release */,
			);
			defaultConfigurationIsVisible = 0;
			defaultConfigurationName = Release;
		};
		E4469B7C2815506F00C935D2 /* Build configuration list for PBXNativeTarget "managementUITests" */ = {
			isa = XCConfigurationList;
			buildConfigurations = (
				E4469B7D2815506F00C935D2 /* Debug */,
				E4469B7E2815506F00C935D2 /* Release */,
			);
			defaultConfigurationIsVisible = 0;
			defaultConfigurationName = Release;
		};
/* End XCConfigurationList section */
	};
	rootObject = E4469B4A2815506E00C935D2 /* Project object */;
}
